
Microsoft Visual Studio Solution File, Format Version 12.00
# Visual Studio Version 16
VisualStudioVersion = 16.0.809.3
MinimumVisualStudioVersion = 10.0.40219.1
Project("{FAE04EC0-301F-11D3-BF4B-00C04F79EFBC}") = "discord-bot", "discord-bot.csproj", "{0B5FDCF7-6FBF-4C1A-9D25-12EBD28B703F}"
EndProject
Global
	GlobalSection(SolutionConfigurationPlatforms) = preSolution
		Debug|Any CPU = Debug|Any CPU
		Release|Any CPU = Release|Any CPU
	EndGlobalSection
	GlobalSection(ProjectConfigurationPlatforms) = postSolution
		{0B5FDCF7-6FBF-4C1A-9D25-12EBD28B703F}.Debug|Any CPU.ActiveCfg = Debug|Any CPU
		{0B5FDCF7-6FBF-4C1A-9D25-12EBD28B703F}.Debug|Any CPU.Build.0 = Debug|Any CPU
		{0B5FDCF7-6FBF-4C1A-9D25-12EBD28B703F}.Release|Any CPU.ActiveCfg = Release|Any CPU
		{0B5FDCF7-6FBF-4C1A-9D25-12EBD28B703F}.Release|Any CPU.Build.0 = Release|Any CPU
	EndGlobalSection
	GlobalSection(SolutionProperties) = preSolution
		HideSolutionNode = FALSE
	EndGlobalSection
	GlobalSection(ExtensibilityGlobals) = postSolution
		SolutionGuid = {BE89725D-D325-48E4-9487-D37556E13A8D}
	EndGlobalSection
EndGlobal
